
Microsoft Visual Studio Solution File, Format Version 12.00
# Visual Studio Version 16
VisualStudioVersion = 16.0.30804.86
MinimumVisualStudioVersion = 10.0.40219.1
Project("{9A19103F-16F7-4668-BE54-9A1E7A4F7556}") = "Lab 5 - WebScraper", "Lab 5 - WebScraper.csproj", "{344F2A23-1E24-42CD-AEF4-C86435CB6302}"
EndProject
Global
	GlobalSection(SolutionConfigurationPlatforms) = preSolution
		Debug|Any CPU = Debug|Any CPU
		Release|Any CPU = Release|Any CPU
	EndGlobalSection
	GlobalSection(ProjectConfigurationPlatforms) = postSolution
		{344F2A23-1E24-42CD-AEF4-C86435CB6302}.Debug|Any CPU.ActiveCfg = Debug|Any CPU
		{344F2A23-1E24-42CD-AEF4-C86435CB6302}.Debug|Any CPU.Build.0 = Debug|Any CPU
		{344F2A23-1E24-42CD-AEF4-C86435CB6302}.Release|Any CPU.ActiveCfg = Release|Any CPU
		{344F2A23-1E24-42CD-AEF4-C86435CB6302}.Release|Any CPU.Build.0 = Release|Any CPU
	EndGlobalSection
	GlobalSection(SolutionProperties) = preSolution
		HideSolutionNode = FALSE
	EndGlobalSection
	GlobalSection(ExtensibilityGlobals) = postSolution
		SolutionGuid = {076D348C-5D57-44A7-9FB7-726C3853A786}
	EndGlobalSection
EndGlobal
